{
  "name": "raven",
  "version": "1.0.0",
  "lockfileVersion": 2,
  "requires": true,
  "packages": {
    "": {
      "name": "raven",
      "version": "1.0.0",
      "license": "ISC",
      "dependencies": {
        "fastest-levenshtein": "^1.0.16"
      }
    },
    "node_modules/fastest-levenshtein": {
      "version": "1.0.16",
      "resolved": "https://npm.iranrepo.ir/api/npm/npm-all/fastest-levenshtein/-/fastest-levenshtein-1.0.16.tgz",
      "integrity": "sha1-IQ5htv8YHekeqbPRuE/e3UfgNOU=",
      "license": "MIT",
      "engines": {
        "node": ">= 4.9.1"
      }
    }
  },
  "dependencies": {
    "fastest-levenshtein": {
      "version": "1.0.16",
      "resolved": "https://npm.iranrepo.ir/api/npm/npm-all/fastest-levenshtein/-/fastest-levenshtein-1.0.16.tgz",
      "integrity": "sha1-IQ5htv8YHekeqbPRuE/e3UfgNOU="
    }
  }
}
